// !$*UTF8*$!
{
	archiveVersion = 1;
	classes = {
	};
	objectVersion = 46;
	objects = {

/* Begin PBXBuildFile section */
		537F4D92183DB5B400A13549 /* Foundation.framework in Frameworks */ = {isa = PBXBuildFile; fileRef = 537F4D91183DB5B400A13549 /* Foundation.framework */; };
		537F4D94183DB5B400A13549 /* CoreGraphics.framework in Frameworks */ = {isa = PBXBuildFile; fileRef = 537F4D93183DB5B400A13549 /* CoreGraphics.framework */; };
		537F4D96183DB5B400A13549 /* UIKit.framework in Frameworks */ = {isa = PBXBuildFile; fileRef = 537F4D95183DB5B400A13549 /* UIKit.framework */; };
		537F4D9C183DB5B400A13549 /* InfoPlist.strings in Resources */ = {isa = PBXBuildFile; fileRef = 537F4D9A183DB5B400A13549 /* InfoPlist.strings */; };
		537F4D9E183DB5B400A13549 /* main.m in Sources */ = {isa = PBXBuildFile; fileRef = 537F4D9D183DB5B400A13549 /* main.m */; };
		537F4DA2183DB5B400A13549 /* KSAppDelegate.m in Sources */ = {isa = PBXBuildFile; fileRef = 537F4DA1183DB5B400A13549 /* KSAppDelegate.m */; };
		537F4DA5183DB5B400A13549 /* Main_iPhone.storyboard in Resources */ = {isa = PBXBuildFile; fileRef = 537F4DA3183DB5B400A13549 /* Main_iPhone.storyboard */; };
		537F4DA8183DB5B400A13549 /* Main_iPad.storyboard in Resources */ = {isa = PBXBuildFile; fileRef = 537F4DA6183DB5B400A13549 /* Main_iPad.storyboard */; };
		537F4DAB183DB5B400A13549 /* KSViewController.m in Sources */ = {isa = PBXBuildFile; fileRef = 537F4DAA183DB5B400A13549 /* KSViewController.m */; };
		537F4DAD183DB5B400A13549 /* Images.xcassets in Resources */ = {isa = PBXBuildFile; fileRef = 537F4DAC183DB5B400A13549 /* Images.xcassets */; };
		537F4DB4183DB5B400A13549 /* XCTest.framework in Frameworks */ = {isa = PBXBuildFile; fileRef = 537F4DB3183DB5B400A13549 /* XCTest.framework */; };
		537F4DB5183DB5B400A13549 /* Foundation.framework in Frameworks */ = {isa = PBXBuildFile; fileRef = 537F4D91183DB5B400A13549 /* Foundation.framework */; };
		537F4DB6183DB5B400A13549 /* UIKit.framework in Frameworks */ = {isa = PBXBuildFile; fileRef = 537F4D95183DB5B400A13549 /* UIKit.framework */; };
		537F4DBE183DB5B400A13549 /* InfoPlist.strings in Resources */ = {isa = PBXBuildFile; fileRef = 537F4DBC183DB5B400A13549 /* InfoPlist.strings */; };
		537F4DC0183DB5B400A13549 /* AutoLayoutPractice1Tests.m in Sources */ = {isa = PBXBuildFile; fileRef = 537F4DBF183DB5B400A13549 /* AutoLayoutPractice1Tests.m */; };
		53AE72F91881AAD200EEA7DA /* AutoLayoutManager.m in Sources */ = {isa = PBXBuildFile; fileRef = 53AE72F81881AAD200EEA7DA /* AutoLayoutManager.m */; };
/* End PBXBuildFile section */

/* Begin PBXContainerItemProxy section */
		537F4DB7183DB5B400A13549 /* PBXContainerItemProxy */ = {
			isa = PBXContainerItemProxy;
			containerPortal = 537F4D86183DB5B300A13549 /* Project object */;
			proxyType = 1;
			remoteGlobalIDString = 537F4D8D183DB5B400A13549;
			remoteInfo = AutoLayoutPractice1;
		};
/* End PBXContainerItemProxy section */

/* Begin PBXFileReference section */
		537F4D8E183DB5B400A13549 /* AutoLayoutPractice1.app */ = {isa = PBXFileReference; explicitFileType = wrapper.application; includeInIndex = 0; path = AutoLayoutPractice1.app; sourceTree = BUILT_PRODUCTS_DIR; };
		537F4D91183DB5B400A13549 /* Foundation.framework */ = {isa = PBXFileReference; lastKnownFileType = wrapper.framework; name = Foundation.framework; path = System/Library/Frameworks/Foundation.framework; sourceTree = SDKROOT; };
		537F4D93183DB5B400A13549 /* CoreGraphics.framework */ = {isa = PBXFileReference; lastKnownFileType = wrapper.framework; name = CoreGraphics.framework; path = System/Library/Frameworks/CoreGraphics.framework; sourceTree = SDKROOT; };
		537F4D95183DB5B400A13549 /* UIKit.framework */ = {isa = PBXFileReference; lastKnownFileType = wrapper.framework; name = UIKit.framework; path = System/Library/Frameworks/UIKit.framework; sourceTree = SDKROOT; };
		537F4D99183DB5B400A13549 /* AutoLayoutPractice1-Info.plist */ = {isa = PBXFileReference; lastKnownFileType = text.plist.xml; path = "AutoLayoutPractice1-Info.plist"; sourceTree = "<group>"; };
		537F4D9B183DB5B400A13549 /* en */ = {isa = PBXFileReference; lastKnownFileType = text.plist.strings; name = en; path = en.lproj/InfoPlist.strings; sourceTree = "<group>"; };
		537F4D9D183DB5B400A13549 /* main.m */ = {isa = PBXFileReference; lastKnownFileType = sourcecode.c.objc; path = main.m; sourceTree = "<group>"; };
		537F4D9F183DB5B400A13549 /* AutoLayoutPractice1-Prefix.pch */ = {isa = PBXFileReference; lastKnownFileType = sourcecode.c.h; path = "AutoLayoutPractice1-Prefix.pch"; sourceTree = "<group>"; };
		537F4DA0183DB5B400A13549 /* KSAppDelegate.h */ = {isa = PBXFileReference; lastKnownFileType = sourcecode.c.h; path = KSAppDelegate.h; sourceTree = "<group>"; };
		537F4DA1183DB5B400A13549 /* KSAppDelegate.m */ = {isa = PBXFileReference; lastKnownFileType = sourcecode.c.objc; path = KSAppDelegate.m; sourceTree = "<group>"; };
		537F4DA4183DB5B400A13549 /* Base */ = {isa = PBXFileReference; lastKnownFileType = file.storyboard; name = Base; path = Base.lproj/Main_iPhone.storyboard; sourceTree = "<group>"; };
		537F4DA7183DB5B400A13549 /* Base */ = {isa = PBXFileReference; lastKnownFileType = file.storyboard; name = Base; path = Base.lproj/Main_iPad.storyboard; sourceTree = "<group>"; };
		537F4DA9183DB5B400A13549 /* KSViewController.h */ = {isa = PBXFileReference; lastKnownFileType = sourcecode.c.h; path = KSViewController.h; sourceTree = "<group>"; };
		537F4DAA183DB5B400A13549 /* KSViewController.m */ = {isa = PBXFileReference; lastKnownFileType = sourcecode.c.objc; path = KSViewController.m; sourceTree = "<group>"; };
		537F4DAC183DB5B400A13549 /* Images.xcassets */ = {isa = PBXFileReference; lastKnownFileType = folder.assetcatalog; path = Images.xcassets; sourceTree = "<group>"; };
		537F4DB2183DB5B400A13549 /* AutoLayoutPractice1Tests.xctest */ = {isa = PBXFileReference; explicitFileType = wrapper.cfbundle; includeInIndex = 0; path = AutoLayoutPractice1Tests.xctest; sourceTree = BUILT_PRODUCTS_DIR; };
		537F4DB3183DB5B400A13549 /* XCTest.framework */ = {isa = PBXFileReference; lastKnownFileType = wrapper.framework; name = XCTest.framework; path = Library/Frameworks/XCTest.framework; sourceTree = DEVELOPER_DIR; };
		537F4DBB183DB5B400A13549 /* AutoLayoutPractice1Tests-Info.plist */ = {isa = PBXFileReference; lastKnownFileType = text.plist.xml; path = "AutoLayoutPractice1Tests-Info.plist"; sourceTree = "<group>"; };
		537F4DBD183DB5B400A13549 /* en */ = {isa = PBXFileReference; lastKnownFileType = text.plist.strings; name = en; path = en.lproj/InfoPlist.strings; sourceTree = "<group>"; };
		537F4DBF183DB5B400A13549 /* AutoLayoutPractice1Tests.m */ = {isa = PBXFileReference; lastKnownFileType = sourcecode.c.objc; path = AutoLayoutPractice1Tests.m; sourceTree = "<group>"; };
		53AE72F71881AAD200EEA7DA /* AutoLayoutManager.h */ = {isa = PBXFileReference; fileEncoding = 4; lastKnownFileType = sourcecode.c.h; path = AutoLayoutManager.h; sourceTree = "<group>"; };
		53AE72F81881AAD200EEA7DA /* AutoLayoutManager.m */ = {isa = PBXFileReference; fileEncoding = 4; lastKnownFileType = sourcecode.c.objc; path = AutoLayoutManager.m; sourceTree = "<group>"; };
/* End PBXFileReference section */

/* Begin PBXFrameworksBuildPhase section */
		537F4D8B183DB5B400A13549 /* Frameworks */ = {
			isa = PBXFrameworksBuildPhase;
			buildActionMask = 2147483647;
			files = (
				537F4D94183DB5B400A13549 /* CoreGraphics.framework in Frameworks */,
				537F4D96183DB5B400A13549 /* UIKit.framework in Frameworks */,
				537F4D92183DB5B400A13549 /* Foundation.framework in Frameworks */,
			);
			runOnlyForDeploymentPostprocessing = 0;
		};
		537F4DAF183DB5B400A13549 /* Frameworks */ = {
			isa = PBXFrameworksBuildPhase;
			buildActionMask = 2147483647;
			files = (
				537F4DB4183DB5B400A13549 /* XCTest.framework in Frameworks */,
				537F4DB6183DB5B400A13549 /* UIKit.framework in Frameworks */,
				537F4DB5183DB5B400A13549 /* Foundation.framework in Frameworks */,
			);
			runOnlyForDeploymentPostprocessing = 0;
		};
/* End PBXFrameworksBuildPhase section */

/* Begin PBXGroup section */
		537F4D85183DB5B300A13549 = {
			isa = PBXGroup;
			children = (
				537F4D97183DB5B400A13549 /* AutoLayoutPractice1 */,
				537F4DB9183DB5B400A13549 /* AutoLayoutPractice1Tests */,
				537F4D90183DB5B400A13549 /* Frameworks */,
				537F4D8F183DB5B400A13549 /* Products */,
			);
			sourceTree = "<group>";
		};
		537F4D8F183DB5B400A13549 /* Products */ = {
			isa = PBXGroup;
			children = (
				537F4D8E183DB5B400A13549 /* AutoLayoutPractice1.app */,
				537F4DB2183DB5B400A13549 /* AutoLayoutPractice1Tests.xctest */,
			);
			name = Products;
			sourceTree = "<group>";
		};
		537F4D90183DB5B400A13549 /* Frameworks */ = {
			isa = PBXGroup;
			children = (
				537F4D91183DB5B400A13549 /* Foundation.framework */,
				537F4D93183DB5B400A13549 /* CoreGraphics.framework */,
				537F4D95183DB5B400A13549 /* UIKit.framework */,
				537F4DB3183DB5B400A13549 /* XCTest.framework */,
			);
			name = Frameworks;
			sourceTree = "<group>";
		};
		537F4D97183DB5B400A13549 /* AutoLayoutPractice1 */ = {
			isa = PBXGroup;
			children = (
				537F4DA0183DB5B400A13549 /* KSAppDelegate.h */,
				537F4DA1183DB5B400A13549 /* KSAppDelegate.m */,
				537F4DA3183DB5B400A13549 /* Main_iPhone.storyboard */,
				537F4DA6183DB5B400A13549 /* Main_iPad.storyboard */,
				537F4DA9183DB5B400A13549 /* KSViewController.h */,
				537F4DAA183DB5B400A13549 /* KSViewController.m */,
				53AE72F71881AAD200EEA7DA /* AutoLayoutManager.h */,
				53AE72F81881AAD200EEA7DA /* AutoLayoutManager.m */,
				537F4DAC183DB5B400A13549 /* Images.xcassets */,
				537F4D98183DB5B400A13549 /* Supporting Files */,
			);
			path = AutoLayoutPractice1;
			sourceTree = "<group>";
		};
		537F4D98183DB5B400A13549 /* Supporting Files */ = {
			isa = PBXGroup;
			children = (
				537F4D99183DB5B400A13549 /* AutoLayoutPractice1-Info.plist */,
				537F4D9A183DB5B400A13549 /* InfoPlist.strings */,
				537F4D9D183DB5B400A13549 /* main.m */,
				537F4D9F183DB5B400A13549 /* AutoLayoutPractice1-Prefix.pch */,
			);
			name = "Supporting Files";
			sourceTree = "<group>";
		};
		537F4DB9183DB5B400A13549 /* AutoLayoutPractice1Tests */ = {
			isa = PBXGroup;
			children = (
				537F4DBF183DB5B400A13549 /* AutoLayoutPractice1Tests.m */,
				537F4DBA183DB5B400A13549 /* Supporting Files */,
			);
			path = AutoLayoutPractice1Tests;
			sourceTree = "<group>";
		};
		537F4DBA183DB5B400A13549 /* Supporting Files */ = {
			isa = PBXGroup;
			children = (
				537F4DBB183DB5B400A13549 /* AutoLayoutPractice1Tests-Info.plist */,
				537F4DBC183DB5B400A13549 /* InfoPlist.strings */,
			);
			name = "Supporting Files";
			sourceTree = "<group>";
		};
/* End PBXGroup section */

/* Begin PBXNativeTarget section */
		537F4D8D183DB5B400A13549 /* AutoLayoutPractice1 */ = {
			isa = PBXNativeTarget;
			buildConfigurationList = 537F4DC3183DB5B400A13549 /* Build configuration list for PBXNativeTarget "AutoLayoutPractice1" */;
			buildPhases = (
				537F4D8A183DB5B400A13549 /* Sources */,
				537F4D8B183DB5B400A13549 /* Frameworks */,
				537F4D8C183DB5B400A13549 /* Resources */,
			);
			buildRules = (
			);
			dependencies = (
			);
			name = AutoLayoutPractice1;
			productName = AutoLayoutPractice1;
			productReference = 537F4D8E183DB5B400A13549 /* AutoLayoutPractice1.app */;
			productType = "com.apple.product-type.application";
		};
		537F4DB1183DB5B400A13549 /* AutoLayoutPractice1Tests */ = {
			isa = PBXNativeTarget;
			buildConfigurationList = 537F4DC6183DB5B400A13549 /* Build configuration list for PBXNativeTarget "AutoLayoutPractice1Tests" */;
			buildPhases = (
				537F4DAE183DB5B400A13549 /* Sources */,
				537F4DAF183DB5B400A13549 /* Frameworks */,
				537F4DB0183DB5B400A13549 /* Resources */,
			);
			buildRules = (
			);
			dependencies = (
				537F4DB8183DB5B400A13549 /* PBXTargetDependency */,
			);
			name = AutoLayoutPractice1Tests;
			productName = AutoLayoutPractice1Tests;
			productReference = 537F4DB2183DB5B400A13549 /* AutoLayoutPractice1Tests.xctest */;
			productType = "com.apple.product-type.bundle.unit-test";
		};
/* End PBXNativeTarget section */

/* Begin PBXProject section */
		537F4D86183DB5B300A13549 /* Project object */ = {
			isa = PBXProject;
			attributes = {
				CLASSPREFIX = KS;
				LastUpgradeCheck = 0500;
				ORGANIZATIONNAME = "Kartik Shah";
				TargetAttributes = {
					537F4DB1183DB5B400A13549 = {
						TestTargetID = 537F4D8D183DB5B400A13549;
					};
				};
			};
			buildConfigurationList = 537F4D89183DB5B300A13549 /* Build configuration list for PBXProject "AutoLayoutPractice1" */;
			compatibilityVersion = "Xcode 3.2";
			developmentRegion = English;
			hasScannedForEncodings = 0;
			knownRegions = (
				en,
				Base,
			);
			mainGroup = 537F4D85183DB5B300A13549;
			productRefGroup = 537F4D8F183DB5B400A13549 /* Products */;
			projectDirPath = "";
			projectRoot = "";
			targets = (
				537F4D8D183DB5B400A13549 /* AutoLayoutPractice1 */,
				537F4DB1183DB5B400A13549 /* AutoLayoutPractice1Tests */,
			);
		};
/* End PBXProject section */

/* Begin PBXResourcesBuildPhase section */
		537F4D8C183DB5B400A13549 /* Resources */ = {
			isa = PBXResourcesBuildPhase;
			buildActionMask = 2147483647;
			files = (
				537F4DA8183DB5B400A13549 /* Main_iPad.storyboard in Resources */,
				537F4DAD183DB5B400A13549 /* Images.xcassets in Resources */,
				537F4DA5183DB5B400A13549 /* Main_iPhone.storyboard in Resources */,
				537F4D9C183DB5B400A13549 /* InfoPlist.strings in Resources */,
			);
			runOnlyForDeploymentPostprocessing = 0;
		};
		537F4DB0183DB5B400A13549 /* Resources */ = {
			isa = PBXResourcesBuildPhase;
			buildActionMask = 2147483647;
			files = (
				537F4DBE183DB5B400A13549 /* InfoPlist.strings in Resources */,
			);
			runOnlyForDeploymentPostprocessing = 0;
		};
/* End PBXResourcesBuildPhase section */

/* Begin PBXSourcesBuildPhase section */
		537F4D8A183DB5B400A13549 /* Sources */ = {
			isa = PBXSourcesBuildPhase;
			buildActionMask = 2147483647;
			files = (
				537F4DAB183DB5B400A13549 /* KSViewController.m in Sources */,
				537F4DA2183DB5B400A13549 /* KSAppDelegate.m in Sources */,
				537F4D9E183DB5B400A13549 /* main.m in Sources */,
				53AE72F91881AAD200EEA7DA /* AutoLayoutManager.m in Sources */,
			);
			runOnlyForDeploymentPostprocessing = 0;
		};
		537F4DAE183DB5B400A13549 /* Sources */ = {
			isa = PBXSourcesBuildPhase;
			buildActionMask = 2147483647;
			files = (
				537F4DC0183DB5B400A13549 /* AutoLayoutPractice1Tests.m in Sources */,
			);
			runOnlyForDeploymentPostprocessing = 0;
		};
/* End PBXSourcesBuildPhase section */

/* Begin PBXTargetDependency section */
		537F4DB8183DB5B400A13549 /* PBXTargetDependency */ = {
			isa = PBXTargetDependency;
			target = 537F4D8D183DB5B400A13549 /* AutoLayoutPractice1 */;
			targetProxy = 537F4DB7183DB5B400A13549 /* PBXContainerItemProxy */;
		};
/* End PBXTargetDependency section */

/* Begin PBXVariantGroup section */
		537F4D9A183DB5B400A13549 /* InfoPlist.strings */ = {
			isa = PBXVariantGroup;
			children = (
				537F4D9B183DB5B400A13549 /* en */,
			);
			name = InfoPlist.strings;
			sourceTree = "<group>";
		};
		537F4DA3183DB5B400A13549 /* Main_iPhone.storyboard */ = {
			isa = PBXVariantGroup;
			children = (
				537F4DA4183DB5B400A13549 /* Base */,
			);
			name = Main_iPhone.storyboard;
			sourceTree = "<group>";
		};
		537F4DA6183DB5B400A13549 /* Main_iPad.storyboard */ = {
			isa = PBXVariantGroup;
			children = (
				537F4DA7183DB5B400A13549 /* Base */,
			);
			name = Main_iPad.storyboard;
			sourceTree = "<group>";
		};
		537F4DBC183DB5B400A13549 /* InfoPlist.strings */ = {
			isa = PBXVariantGroup;
			children = (
				537F4DBD183DB5B400A13549 /* en */,
			);
			name = InfoPlist.strings;
			sourceTree = "<group>";
		};
/* End PBXVariantGroup section */

/* Begin XCBuildConfiguration section */
		537F4DC1183DB5B400A13549 /* Debug */ = {
			isa = XCBuildConfiguration;
			buildSettings = {
				ALWAYS_SEARCH_USER_PATHS = NO;
				ARCHS = "$(ARCHS_STANDARD_INCLUDING_64_BIT)";
				CLANG_CXX_LANGUAGE_STANDARD = "gnu++0x";
				CLANG_CXX_LIBRARY = "libc++";
				CLANG_ENABLE_MODULES = YES;
				CLANG_ENABLE_OBJC_ARC = YES;
				CLANG_WARN_BOOL_CONVERSION = YES;
				CLANG_WARN_CONSTANT_CONVERSION = YES;
				CLANG_WARN_DIRECT_OBJC_ISA_USAGE = YES_ERROR;
				CLANG_WARN_EMPTY_BODY = YES;
				CLANG_WARN_ENUM_CONVERSION = YES;
				CLANG_WARN_INT_CONVERSION = YES;
				CLANG_WARN_OBJC_ROOT_CLASS = YES_ERROR;
				CLANG_WARN__DUPLICATE_METHOD_MATCH = YES;
				"CODE_SIGN_IDENTITY[sdk=iphoneos*]" = "iPhone Developer";
				COPY_PHASE_STRIP = NO;
				GCC_C_LANGUAGE_STANDARD = gnu99;
				GCC_DYNAMIC_NO_PIC = NO;
				GCC_OPTIMIZATION_LEVEL = 0;
				GCC_PREPROCESSOR_DEFINITIONS = (
					"DEBUG=1",
					"$(inherited)",
				);
				GCC_SYMBOLS_PRIVATE_EXTERN = NO;
				GCC_WARN_64_TO_32_BIT_CONVERSION = YES;
				GCC_WARN_ABOUT_RETURN_TYPE = YES_ERROR;
				GCC_WARN_UNDECLARED_SELECTOR = YES;
				GCC_WARN_UNINITIALIZED_AUTOS = YES;
				GCC_WARN_UNUSED_FUNCTION = YES;
				GCC_WARN_UNUSED_VARIABLE = YES;
				IPHONEOS_DEPLOYMENT_TARGET = 7.0;
				ONLY_ACTIVE_ARCH = YES;
				SDKROOT = iphoneos;
				TARGETED_DEVICE_FAMILY = "1,2";
			};
			name = Debug;
		};
		537F4DC2183DB5B400A13549 /* Release */ = {
			isa = XCBuildConfiguration;
			buildSettings = {
				ALWAYS_SEARCH_USER_PATHS = NO;
				ARCHS = "$(ARCHS_STANDARD_INCLUDING_64_BIT)";
				CLANG_CXX_LANGUAGE_STANDARD = "gnu++0x";
				CLANG_CXX_LIBRARY = "libc++";
				CLANG_ENABLE_MODULES = YES;
				CLANG_ENABLE_OBJC_ARC = YES;
				CLANG_WARN_BOOL_CONVERSION = YES;
				CLANG_WARN_CONSTANT_CONVERSION = YES;
				CLANG_WARN_DIRECT_OBJC_ISA_USAGE = YES_ERROR;
				CLANG_WARN_EMPTY_BODY = YES;
				CLANG_WARN_ENUM_CONVERSION = YES;
				CLANG_WARN_INT_CONVERSION = YES;
				CLANG_WARN_OBJC_ROOT_CLASS = YES_ERROR;
				CLANG_WARN__DUPLICATE_METHOD_MATCH = YES;
				"CODE_SIGN_IDENTITY[sdk=iphoneos*]" = "iPhone Developer";
				COPY_PHASE_STRIP = YES;
				ENABLE_NS_ASSERTIONS = NO;
				GCC_C_LANGUAGE_STANDARD = gnu99;
				GCC_WARN_64_TO_32_BIT_CONVERSION = YES;
				GCC_WARN_ABOUT_RETURN_TYPE = YES_ERROR;
				GCC_WARN_UNDECLARED_SELECTOR = YES;
				GCC_WARN_UNINITIALIZED_AUTOS = YES;
				GCC_WARN_UNUSED_FUNCTION = YES;
				GCC_WARN_UNUSED_VARIABLE = YES;
				IPHONEOS_DEPLOYMENT_TARGET = 7.0;
				SDKROOT = iphoneos;
				TARGETED_DEVICE_FAMILY = "1,2";
				VALIDATE_PRODUCT = YES;
			};
			name = Release;
		};
		537F4DC4183DB5B400A13549 /* Debug */ = {
			isa = XCBuildConfiguration;
			buildSettings = {
				ASSETCATALOG_COMPILER_APPICON_NAME = AppIcon;
				ASSETCATALOG_COMPILER_LAUNCHIMAGE_NAME = LaunchImage;
				GCC_PRECOMPILE_PREFIX_HEADER = YES;
				GCC_PREFIX_HEADER = "AutoLayoutPractice1/AutoLayoutPractice1-Prefix.pch";
				INFOPLIST_FILE = "AutoLayoutPractice1/AutoLayoutPractice1-Info.plist";
				PRODUCT_NAME = "$(TARGET_NAME)";
				WRAPPER_EXTENSION = app;
			};
			name = Debug;
		};
		537F4DC5183DB5B400A13549 /* Release */ = {
			isa = XCBuildConfiguration;
			buildSettings = {
				ASSETCATALOG_COMPILER_APPICON_NAME = AppIcon;
				ASSETCATALOG_COMPILER_LAUNCHIMAGE_NAME = LaunchImage;
				GCC_PRECOMPILE_PREFIX_HEADER = YES;
				GCC_PREFIX_HEADER = "AutoLayoutPractice1/AutoLayoutPractice1-Prefix.pch";
				INFOPLIST_FILE = "AutoLayoutPractice1/AutoLayoutPractice1-Info.plist";
				PRODUCT_NAME = "$(TARGET_NAME)";
				WRAPPER_EXTENSION = app;
			};
			name = Release;
		};
		537F4DC7183DB5B400A13549 /* Debug */ = {
			isa = XCBuildConfiguration;
			buildSettings = {
				ARCHS = "$(ARCHS_STANDARD_INCLUDING_64_BIT)";
				BUNDLE_LOADER = "$(BUILT_PRODUCTS_DIR)/AutoLayoutPractice1.app/AutoLayoutPractice1";
				FRAMEWORK_SEARCH_PATHS = (
					"$(SDKROOT)/Developer/Library/Frameworks",
					"$(inherited)",
					"$(DEVELOPER_FRAMEWORKS_DIR)",
				);
				GCC_PRECOMPILE_PREFIX_HEADER = YES;
				GCC_PREFIX_HEADER = "AutoLayoutPractice1/AutoLayoutPractice1-Prefix.pch";
				GCC_PREPROCESSOR_DEFINITIONS = (
					"DEBUG=1",
					"$(inherited)",
				);
				INFOPLIST_FILE = "AutoLayoutPractice1Tests/AutoLayoutPractice1Tests-Info.plist";
				PRODUCT_NAME = "$(TARGET_NAME)";
				TEST_HOST = "$(BUNDLE_LOADER)";
				WRAPPER_EXTENSION = xctest;
			};
			name = Debug;
		};
		537F4DC8183DB5B400A13549 /* Release */ = {
			isa = XCBuildConfiguration;
			buildSettings = {
				ARCHS = "$(ARCHS_STANDARD_INCLUDING_64_BIT)";
				BUNDLE_LOADER = "$(BUILT_PRODUCTS_DIR)/AutoLayoutPractice1.app/AutoLayoutPractice1";
				FRAMEWORK_SEARCH_PATHS = (
					"$(SDKROOT)/Developer/Library/Frameworks",
					"$(inherited)",
					"$(DEVELOPER_FRAMEWORKS_DIR)",
				);
				GCC_PRECOMPILE_PREFIX_HEADER = YES;
				GCC_PREFIX_HEADER = "AutoLayoutPractice1/AutoLayoutPractice1-Prefix.pch";
				INFOPLIST_FILE = "AutoLayoutPractice1Tests/AutoLayoutPractice1Tests-Info.plist";
				PRODUCT_NAME = "$(TARGET_NAME)";
				TEST_HOST = "$(BUNDLE_LOADER)";
				WRAPPER_EXTENSION = xctest;
			};
			name = Release;
		};
/* End XCBuildConfiguration section */

/* Begin XCConfigurationList section */
		537F4D89183DB5B300A13549 /* Build configuration list for PBXProject "AutoLayoutPractice1" */ = {
			isa = XCConfigurationList;
			buildConfigurations = (
				537F4DC1183DB5B400A13549 /* Debug */,
				537F4DC2183DB5B400A13549 /* Release */,
			);
			defaultConfigurationIsVisible = 0;
			defaultConfigurationName = Release;
		};
		537F4DC3183DB5B400A13549 /* Build configuration list for PBXNativeTarget "AutoLayoutPractice1" */ = {
			isa = XCConfigurationList;
			buildConfigurations = (
				537F4DC4183DB5B400A13549 /* Debug */,
				537F4DC5183DB5B400A13549 /* Release */,
			);
			defaultConfigurationIsVisible = 0;
			defaultConfigurationName = Release;
		};
		537F4DC6183DB5B400A13549 /* Build configuration list for PBXNativeTarget "AutoLayoutPractice1Tests" */ = {
			isa = XCConfigurationList;
			buildConfigurations = (
				537F4DC7183DB5B400A13549 /* Debug */,
				537F4DC8183DB5B400A13549 /* Release */,
			);
			defaultConfigurationIsVisible = 0;
			defaultConfigurationName = Release;
		};
/* End XCConfigurationList section */
	};
	rootObject = 537F4D86183DB5B300A13549 /* Project object */;
}
